// !$*UTF8*$!
{
	archiveVersion = 1;
	classes = {
	};
	objectVersion = 56;
	objects = {

/* Begin PBXBuildFile section */
		A20547772A0275990045E9DF /* FormFieldView.swift in Sources */ = {isa = PBXBuildFile; fileRef = A20547762A0275990045E9DF /* FormFieldView.swift */; };
		A21F265D2A03A84E00AB96CE /* HeaderView.swift in Sources */ = {isa = PBXBuildFile; fileRef = A21F265C2A03A84E00AB96CE /* HeaderView.swift */; };
		A223C7932A016CAB0082A28D /* LoginAPIService.swift in Sources */ = {isa = PBXBuildFile; fileRef = A223C7922A016CAB0082A28D /* LoginAPIService.swift */; };
		A223C7952A016E930082A28D /* LoginViewModel.swift in Sources */ = {isa = PBXBuildFile; fileRef = A223C7942A016E930082A28D /* LoginViewModel.swift */; };
		A22CC0A02A0FA9C9000ABC0B /* AsyncImageView.swift in Sources */ = {isa = PBXBuildFile; fileRef = A22CC09F2A0FA9C9000ABC0B /* AsyncImageView.swift */; };
		A2321B622A0D0C7600B3672F /* MenuModel.swift in Sources */ = {isa = PBXBuildFile; fileRef = A2321B612A0D0C7600B3672F /* MenuModel.swift */; };
		A2321B642A0D0E7C00B3672F /* MenuView.swift in Sources */ = {isa = PBXBuildFile; fileRef = A2321B632A0D0E7C00B3672F /* MenuView.swift */; };
		A2321B662A0D0F0B00B3672F /* MenuViewModel.swift in Sources */ = {isa = PBXBuildFile; fileRef = A2321B652A0D0F0B00B3672F /* MenuViewModel.swift */; };
		A2321B682A0D157900B3672F /* MenuAPIService.swift in Sources */ = {isa = PBXBuildFile; fileRef = A2321B672A0D157900B3672F /* MenuAPIService.swift */; };
		A23BF0072A02549A00A8FF2C /* UtilityViews.swift in Sources */ = {isa = PBXBuildFile; fileRef = A23BF0062A02549A00A8FF2C /* UtilityViews.swift */; };
		A264A0472A0B91A400E3F346 /* ForgotPasswordView.swift in Sources */ = {isa = PBXBuildFile; fileRef = A264A0462A0B91A400E3F346 /* ForgotPasswordView.swift */; };
		A26E3FDD2A0157B50018732A /* LittleLemonRestaurantRevisedApp.swift in Sources */ = {isa = PBXBuildFile; fileRef = A26E3FDC2A0157B50018732A /* LittleLemonRestaurantRevisedApp.swift */; };
		A26E3FDF2A0157B50018732A /* ContentView.swift in Sources */ = {isa = PBXBuildFile; fileRef = A26E3FDE2A0157B50018732A /* ContentView.swift */; };
		A26E3FE12A0157B60018732A /* Assets.xcassets in Resources */ = {isa = PBXBuildFile; fileRef = A26E3FE02A0157B60018732A /* Assets.xcassets */; };
		A26E3FE42A0157B60018732A /* Preview Assets.xcassets in Resources */ = {isa = PBXBuildFile; fileRef = A26E3FE32A0157B60018732A /* Preview Assets.xcassets */; };
		A26E3FEB2A0157FB0018732A /* User.swift in Sources */ = {isa = PBXBuildFile; fileRef = A26E3FEA2A0157FB0018732A /* User.swift */; };
		A2844A492A0DF22700B6B468 /* MenuRowView.swift in Sources */ = {isa = PBXBuildFile; fileRef = A2844A482A0DF22700B6B468 /* MenuRowView.swift */; };
		A29942BC2A0FC7DE00C5B580 /* MenuCategory.swift in Sources */ = {isa = PBXBuildFile; fileRef = A29942BB2A0FC7DE00C5B580 /* MenuCategory.swift */; };
		A29F018B2A02A14C001505FE /* HeroView.swift in Sources */ = {isa = PBXBuildFile; fileRef = A29F018A2A02A14C001505FE /* HeroView.swift */; };
		A2AF01342A13B5A700315877 /* MenuBreakdownView.swift in Sources */ = {isa = PBXBuildFile; fileRef = A2AF01332A13B5A700315877 /* MenuBreakdownView.swift */; };
		A2BD5C6B2A03CADF002BA035 /* UserProfileView.swift in Sources */ = {isa = PBXBuildFile; fileRef = A2BD5C6A2A03CADF002BA035 /* UserProfileView.swift */; };
		A2D974612A0AB05600DA5510 /* SignUpView.swift in Sources */ = {isa = PBXBuildFile; fileRef = A2D974602A0AB05500DA5510 /* SignUpView.swift */; };
		A2EF4C9E2A0E295900C9373E /* MenuRowDetailView.swift in Sources */ = {isa = PBXBuildFile; fileRef = A2EF4C9D2A0E295900C9373E /* MenuRowDetailView.swift */; };
		A2F074092A0218D700B7DA66 /* LoginView.swift in Sources */ = {isa = PBXBuildFile; fileRef = A2F074082A0218D700B7DA66 /* LoginView.swift */; };
/* End PBXBuildFile section */

/* Begin PBXFileReference section */
		A20547762A0275990045E9DF /* FormFieldView.swift */ = {isa = PBXFileReference; lastKnownFileType = sourcecode.swift; path = FormFieldView.swift; sourceTree = "<group>"; };
		A21F265C2A03A84E00AB96CE /* HeaderView.swift */ = {isa = PBXFileReference; lastKnownFileType = sourcecode.swift; path = HeaderView.swift; sourceTree = "<group>"; };
		A223C7922A016CAB0082A28D /* LoginAPIService.swift */ = {isa = PBXFileReference; lastKnownFileType = sourcecode.swift; path = LoginAPIService.swift; sourceTree = "<group>"; };
		A223C7942A016E930082A28D /* LoginViewModel.swift */ = {isa = PBXFileReference; lastKnownFileType = sourcecode.swift; path = LoginViewModel.swift; sourceTree = "<group>"; };
		A22CC09F2A0FA9C9000ABC0B /* AsyncImageView.swift */ = {isa = PBXFileReference; lastKnownFileType = sourcecode.swift; path = AsyncImageView.swift; sourceTree = "<group>"; };
		A2321B612A0D0C7600B3672F /* MenuModel.swift */ = {isa = PBXFileReference; lastKnownFileType = sourcecode.swift; path = MenuModel.swift; sourceTree = "<group>"; };
		A2321B632A0D0E7C00B3672F /* MenuView.swift */ = {isa = PBXFileReference; lastKnownFileType = sourcecode.swift; path = MenuView.swift; sourceTree = "<group>"; };
		A2321B652A0D0F0B00B3672F /* MenuViewModel.swift */ = {isa = PBXFileReference; lastKnownFileType = sourcecode.swift; path = MenuViewModel.swift; sourceTree = "<group>"; };
		A2321B672A0D157900B3672F /* MenuAPIService.swift */ = {isa = PBXFileReference; lastKnownFileType = sourcecode.swift; path = MenuAPIService.swift; sourceTree = "<group>"; };
		A23BF0062A02549A00A8FF2C /* UtilityViews.swift */ = {isa = PBXFileReference; lastKnownFileType = sourcecode.swift; path = UtilityViews.swift; sourceTree = "<group>"; };
		A264A0462A0B91A400E3F346 /* ForgotPasswordView.swift */ = {isa = PBXFileReference; lastKnownFileType = sourcecode.swift; path = ForgotPasswordView.swift; sourceTree = "<group>"; };
		A26E3FD92A0157B50018732A /* LittleLemonRestaurantRevised.app */ = {isa = PBXFileReference; explicitFileType = wrapper.application; includeInIndex = 0; path = LittleLemonRestaurantRevised.app; sourceTree = BUILT_PRODUCTS_DIR; };
		A26E3FDC2A0157B50018732A /* LittleLemonRestaurantRevisedApp.swift */ = {isa = PBXFileReference; lastKnownFileType = sourcecode.swift; path = LittleLemonRestaurantRevisedApp.swift; sourceTree = "<group>"; };
		A26E3FDE2A0157B50018732A /* ContentView.swift */ = {isa = PBXFileReference; lastKnownFileType = sourcecode.swift; path = ContentView.swift; sourceTree = "<group>"; };
		A26E3FE02A0157B60018732A /* Assets.xcassets */ = {isa = PBXFileReference; lastKnownFileType = folder.assetcatalog; path = Assets.xcassets; sourceTree = "<group>"; };
		A26E3FE32A0157B60018732A /* Preview Assets.xcassets */ = {isa = PBXFileReference; lastKnownFileType = folder.assetcatalog; path = "Preview Assets.xcassets"; sourceTree = "<group>"; };
		A26E3FEA2A0157FB0018732A /* User.swift */ = {isa = PBXFileReference; lastKnownFileType = sourcecode.swift; path = User.swift; sourceTree = "<group>"; };
		A2844A482A0DF22700B6B468 /* MenuRowView.swift */ = {isa = PBXFileReference; lastKnownFileType = sourcecode.swift; path = MenuRowView.swift; sourceTree = "<group>"; };
		A29942BB2A0FC7DE00C5B580 /* MenuCategory.swift */ = {isa = PBXFileReference; lastKnownFileType = sourcecode.swift; path = MenuCategory.swift; sourceTree = "<group>"; };
		A29F018A2A02A14C001505FE /* HeroView.swift */ = {isa = PBXFileReference; lastKnownFileType = sourcecode.swift; path = HeroView.swift; sourceTree = "<group>"; };
		A2AF01332A13B5A700315877 /* MenuBreakdownView.swift */ = {isa = PBXFileReference; lastKnownFileType = sourcecode.swift; path = MenuBreakdownView.swift; sourceTree = "<group>"; };
		A2BD5C6A2A03CADF002BA035 /* UserProfileView.swift */ = {isa = PBXFileReference; lastKnownFileType = sourcecode.swift; path = UserProfileView.swift; sourceTree = "<group>"; };
		A2D974602A0AB05500DA5510 /* SignUpView.swift */ = {isa = PBXFileReference; lastKnownFileType = sourcecode.swift; path = SignUpView.swift; sourceTree = "<group>"; };
		A2EF4C9D2A0E295900C9373E /* MenuRowDetailView.swift */ = {isa = PBXFileReference; lastKnownFileType = sourcecode.swift; path = MenuRowDetailView.swift; sourceTree = "<group>"; };
		A2F074082A0218D700B7DA66 /* LoginView.swift */ = {isa = PBXFileReference; lastKnownFileType = sourcecode.swift; path = LoginView.swift; sourceTree = "<group>"; };
/* End PBXFileReference section */

/* Begin PBXFrameworksBuildPhase section */
		A26E3FD62A0157B50018732A /* Frameworks */ = {
			isa = PBXFrameworksBuildPhase;
			buildActionMask = 2147483647;
			files = (
			);
			runOnlyForDeploymentPostprocessing = 0;
		};
/* End PBXFrameworksBuildPhase section */

/* Begin PBXGroup section */
		A26E3FD02A0157B50018732A = {
			isa = PBXGroup;
			children = (
				A26E3FDB2A0157B50018732A /* LittleLemonRestaurantRevised */,
				A26E3FDA2A0157B50018732A /* Products */,
			);
			sourceTree = "<group>";
		};
		A26E3FDA2A0157B50018732A /* Products */ = {
			isa = PBXGroup;
			children = (
				A26E3FD92A0157B50018732A /* LittleLemonRestaurantRevised.app */,
			);
			name = Products;
			sourceTree = "<group>";
		};
		A26E3FDB2A0157B50018732A /* LittleLemonRestaurantRevised */ = {
			isa = PBXGroup;
			children = (
				A26E3FDC2A0157B50018732A /* LittleLemonRestaurantRevisedApp.swift */,
				A2321B612A0D0C7600B3672F /* MenuModel.swift */,
				A29942BB2A0FC7DE00C5B580 /* MenuCategory.swift */,
				A2321B652A0D0F0B00B3672F /* MenuViewModel.swift */,
				A2321B632A0D0E7C00B3672F /* MenuView.swift */,
				A2AF01332A13B5A700315877 /* MenuBreakdownView.swift */,
				A2844A482A0DF22700B6B468 /* MenuRowView.swift */,
				A2EF4C9D2A0E295900C9373E /* MenuRowDetailView.swift */,
				A22CC09F2A0FA9C9000ABC0B /* AsyncImageView.swift */,
				A2321B672A0D157900B3672F /* MenuAPIService.swift */,
				A2AE1F372A0CF82C003043CE /* LOGIN */,
				A26E3FE02A0157B60018732A /* Assets.xcassets */,
				A26E3FE22A0157B60018732A /* Preview Content */,
			);
			path = LittleLemonRestaurantRevised;
			sourceTree = "<group>";
		};
		A26E3FE22A0157B60018732A /* Preview Content */ = {
			isa = PBXGroup;
			children = (
				A26E3FE32A0157B60018732A /* Preview Assets.xcassets */,
			);
			path = "Preview Content";
			sourceTree = "<group>";
		};
		A2AE1F332A0CF76A003043CE /* Views */ = {
			isa = PBXGroup;
			children = (
				A264A0462A0B91A400E3F346 /* ForgotPasswordView.swift */,
				A20547762A0275990045E9DF /* FormFieldView.swift */,
				A21F265C2A03A84E00AB96CE /* HeaderView.swift */,
				A29F018A2A02A14C001505FE /* HeroView.swift */,
				A2F074082A0218D700B7DA66 /* LoginView.swift */,
				A2D974602A0AB05500DA5510 /* SignUpView.swift */,
				A2BD5C6A2A03CADF002BA035 /* UserProfileView.swift */,
				A23BF0062A02549A00A8FF2C /* UtilityViews.swift */,
			);
			path = Views;
			sourceTree = "<group>";
		};
		A2AE1F342A0CF79E003043CE /* ViewModels */ = {
			isa = PBXGroup;
			children = (
				A223C7942A016E930082A28D /* LoginViewModel.swift */,
			);
			path = ViewModels;
			sourceTree = "<group>";
		};
		A2AE1F352A0CF7B3003043CE /* Models */ = {
			isa = PBXGroup;
			children = (
				A26E3FEA2A0157FB0018732A /* User.swift */,
			);
			path = Models;
			sourceTree = "<group>";
		};
		A2AE1F362A0CF7EC003043CE /* Services */ = {
			isa = PBXGroup;
			children = (
				A223C7922A016CAB0082A28D /* LoginAPIService.swift */,
			);
			path = Services;
			sourceTree = "<group>";
		};
		A2AE1F372A0CF82C003043CE /* LOGIN */ = {
			isa = PBXGroup;
			children = (
				A26E3FDE2A0157B50018732A /* ContentView.swift */,
				A2AE1F332A0CF76A003043CE /* Views */,
				A2AE1F342A0CF79E003043CE /* ViewModels */,
				A2AE1F362A0CF7EC003043CE /* Services */,
				A2AE1F352A0CF7B3003043CE /* Models */,
			);
			path = LOGIN;
			sourceTree = "<group>";
		};
/* End PBXGroup section */

/* Begin PBXNativeTarget section */
		A26E3FD82A0157B50018732A /* LittleLemonRestaurantRevised */ = {
			isa = PBXNativeTarget;
			buildConfigurationList = A26E3FE72A0157B60018732A /* Build configuration list for PBXNativeTarget "LittleLemonRestaurantRevised" */;
			buildPhases = (
				A26E3FD52A0157B50018732A /* Sources */,
				A26E3FD62A0157B50018732A /* Frameworks */,
				A26E3FD72A0157B50018732A /* Resources */,
			);
			buildRules = (
			);
			dependencies = (
			);
			name = LittleLemonRestaurantRevised;
			productName = LittleLemonRestaurantRevised;
			productReference = A26E3FD92A0157B50018732A /* LittleLemonRestaurantRevised.app */;
			productType = "com.apple.product-type.application";
		};
/* End PBXNativeTarget section */

/* Begin PBXProject section */
		A26E3FD12A0157B50018732A /* Project object */ = {
			isa = PBXProject;
			attributes = {
				BuildIndependentTargetsInParallel = 1;
				LastSwiftUpdateCheck = 1420;
				LastUpgradeCheck = 1420;
				TargetAttributes = {
					A26E3FD82A0157B50018732A = {
						CreatedOnToolsVersion = 14.2;
					};
				};
			};
			buildConfigurationList = A26E3FD42A0157B50018732A /* Build configuration list for PBXProject "LittleLemonRestaurantRevised" */;
			compatibilityVersion = "Xcode 14.0";
			developmentRegion = en;
			hasScannedForEncodings = 0;
			knownRegions = (
				en,
				Base,
			);
			mainGroup = A26E3FD02A0157B50018732A;
			productRefGroup = A26E3FDA2A0157B50018732A /* Products */;
			projectDirPath = "";
			projectRoot = "";
			targets = (
				A26E3FD82A0157B50018732A /* LittleLemonRestaurantRevised */,
			);
		};
/* End PBXProject section */

/* Begin PBXResourcesBuildPhase section */
		A26E3FD72A0157B50018732A /* Resources */ = {
			isa = PBXResourcesBuildPhase;
			buildActionMask = 2147483647;
			files = (
				A26E3FE42A0157B60018732A /* Preview Assets.xcassets in Resources */,
				A26E3FE12A0157B60018732A /* Assets.xcassets in Resources */,
			);
			runOnlyForDeploymentPostprocessing = 0;
		};
/* End PBXResourcesBuildPhase section */

/* Begin PBXSourcesBuildPhase section */
		A26E3FD52A0157B50018732A /* Sources */ = {
			isa = PBXSourcesBuildPhase;
			buildActionMask = 2147483647;
			files = (
				A2321B682A0D157900B3672F /* MenuAPIService.swift in Sources */,
				A23BF0072A02549A00A8FF2C /* UtilityViews.swift in Sources */,
				A20547772A0275990045E9DF /* FormFieldView.swift in Sources */,
				A22CC0A02A0FA9C9000ABC0B /* AsyncImageView.swift in Sources */,
				A29F018B2A02A14C001505FE /* HeroView.swift in Sources */,
				A2844A492A0DF22700B6B468 /* MenuRowView.swift in Sources */,
				A2F074092A0218D700B7DA66 /* LoginView.swift in Sources */,
				A2D974612A0AB05600DA5510 /* SignUpView.swift in Sources */,
				A223C7932A016CAB0082A28D /* LoginAPIService.swift in Sources */,
				A2EF4C9E2A0E295900C9373E /* MenuRowDetailView.swift in Sources */,
				A29942BC2A0FC7DE00C5B580 /* MenuCategory.swift in Sources */,
				A2BD5C6B2A03CADF002BA035 /* UserProfileView.swift in Sources */,
				A21F265D2A03A84E00AB96CE /* HeaderView.swift in Sources */,
				A264A0472A0B91A400E3F346 /* ForgotPasswordView.swift in Sources */,
				A26E3FDF2A0157B50018732A /* ContentView.swift in Sources */,
				A2321B642A0D0E7C00B3672F /* MenuView.swift in Sources */,
				A2321B622A0D0C7600B3672F /* MenuModel.swift in Sources */,
				A26E3FDD2A0157B50018732A /* LittleLemonRestaurantRevisedApp.swift in Sources */,
				A2AF01342A13B5A700315877 /* MenuBreakdownView.swift in Sources */,
				A223C7952A016E930082A28D /* LoginViewModel.swift in Sources */,
				A26E3FEB2A0157FB0018732A /* User.swift in Sources */,
				A2321B662A0D0F0B00B3672F /* MenuViewModel.swift in Sources */,
			);
			runOnlyForDeploymentPostprocessing = 0;
		};
/* End PBXSourcesBuildPhase section */

/* Begin XCBuildConfiguration section */
		A26E3FE52A0157B60018732A /* Debug */ = {
			isa = XCBuildConfiguration;
			buildSettings = {
				ALWAYS_SEARCH_USER_PATHS = NO;
				CLANG_ANALYZER_NONNULL = YES;
				CLANG_ANALYZER_NUMBER_OBJECT_CONVERSION = YES_AGGRESSIVE;
				CLANG_CXX_LANGUAGE_STANDARD = "gnu++20";
				CLANG_ENABLE_MODULES = YES;
				CLANG_ENABLE_OBJC_ARC = YES;
				CLANG_ENABLE_OBJC_WEAK = YES;
				CLANG_WARN_BLOCK_CAPTURE_AUTORELEASING = YES;
				CLANG_WARN_BOOL_CONVERSION = YES;
				CLANG_WARN_COMMA = YES;
				CLANG_WARN_CONSTANT_CONVERSION = YES;
				CLANG_WARN_DEPRECATED_OBJC_IMPLEMENTATIONS = YES;
				CLANG_WARN_DIRECT_OBJC_ISA_USAGE = YES_ERROR;
				CLANG_WARN_DOCUMENTATION_COMMENTS = YES;
				CLANG_WARN_EMPTY_BODY = YES;
				CLANG_WARN_ENUM_CONVERSION = YES;
				CLANG_WARN_INFINITE_RECURSION = YES;
				CLANG_WARN_INT_CONVERSION = YES;
				CLANG_WARN_NON_LITERAL_NULL_CONVERSION = YES;
				CLANG_WARN_OBJC_IMPLICIT_RETAIN_SELF = YES;
				CLANG_WARN_OBJC_LITERAL_CONVERSION = YES;
				CLANG_WARN_OBJC_ROOT_CLASS = YES_ERROR;
				CLANG_WARN_QUOTED_INCLUDE_IN_FRAMEWORK_HEADER = YES;
				CLANG_WARN_RANGE_LOOP_ANALYSIS = YES;
				CLANG_WARN_STRICT_PROTOTYPES = YES;
				CLANG_WARN_SUSPICIOUS_MOVE = YES;
				CLANG_WARN_UNGUARDED_AVAILABILITY = YES_AGGRESSIVE;
				CLANG_WARN_UNREACHABLE_CODE = YES;
				CLANG_WARN__DUPLICATE_METHOD_MATCH = YES;
				COPY_PHASE_STRIP = NO;
				DEBUG_INFORMATION_FORMAT = dwarf;
				ENABLE_STRICT_OBJC_MSGSEND = YES;
				ENABLE_TESTABILITY = YES;
				GCC_C_LANGUAGE_STANDARD = gnu11;
				GCC_DYNAMIC_NO_PIC = NO;
				GCC_NO_COMMON_BLOCKS = YES;
				GCC_OPTIMIZATION_LEVEL = 0;
				GCC_PREPROCESSOR_DEFINITIONS = (
					"DEBUG=1",
					"$(inherited)",
				);
				GCC_WARN_64_TO_32_BIT_CONVERSION = YES;
				GCC_WARN_ABOUT_RETURN_TYPE = YES_ERROR;
				GCC_WARN_UNDECLARED_SELECTOR = YES;
				GCC_WARN_UNINITIALIZED_AUTOS = YES_AGGRESSIVE;
				GCC_WARN_UNUSED_FUNCTION = YES;
				GCC_WARN_UNUSED_VARIABLE = YES;
				IPHONEOS_DEPLOYMENT_TARGET = 16.2;
				MTL_ENABLE_DEBUG_INFO = INCLUDE_SOURCE;
				MTL_FAST_MATH = YES;
				ONLY_ACTIVE_ARCH = YES;
				SDKROOT = iphoneos;
				SWIFT_ACTIVE_COMPILATION_CONDITIONS = DEBUG;
				SWIFT_OPTIMIZATION_LEVEL = "-Onone";
			};
			name = Debug;
		};
		A26E3FE62A0157B60018732A /* Release */ = {
			isa = XCBuildConfiguration;
			buildSettings = {
				ALWAYS_SEARCH_USER_PATHS = NO;
				CLANG_ANALYZER_NONNULL = YES;
				CLANG_ANALYZER_NUMBER_OBJECT_CONVERSION = YES_AGGRESSIVE;
				CLANG_CXX_LANGUAGE_STANDARD = "gnu++20";
				CLANG_ENABLE_MODULES = YES;
				CLANG_ENABLE_OBJC_ARC = YES;
				CLANG_ENABLE_OBJC_WEAK = YES;
				CLANG_WARN_BLOCK_CAPTURE_AUTORELEASING = YES;
				CLANG_WARN_BOOL_CONVERSION = YES;
				CLANG_WARN_COMMA = YES;
				CLANG_WARN_CONSTANT_CONVERSION = YES;
				CLANG_WARN_DEPRECATED_OBJC_IMPLEMENTATIONS = YES;
				CLANG_WARN_DIRECT_OBJC_ISA_USAGE = YES_ERROR;
				CLANG_WARN_DOCUMENTATION_COMMENTS = YES;
				CLANG_WARN_EMPTY_BODY = YES;
				CLANG_WARN_ENUM_CONVERSION = YES;
				CLANG_WARN_INFINITE_RECURSION = YES;
				CLANG_WARN_INT_CONVERSION = YES;
				CLANG_WARN_NON_LITERAL_NULL_CONVERSION = YES;
				CLANG_WARN_OBJC_IMPLICIT_RETAIN_SELF = YES;
				CLANG_WARN_OBJC_LITERAL_CONVERSION = YES;
				CLANG_WARN_OBJC_ROOT_CLASS = YES_ERROR;
				CLANG_WARN_QUOTED_INCLUDE_IN_FRAMEWORK_HEADER = YES;
				CLANG_WARN_RANGE_LOOP_ANALYSIS = YES;
				CLANG_WARN_STRICT_PROTOTYPES = YES;
				CLANG_WARN_SUSPICIOUS_MOVE = YES;
				CLANG_WARN_UNGUARDED_AVAILABILITY = YES_AGGRESSIVE;
				CLANG_WARN_UNREACHABLE_CODE = YES;
				CLANG_WARN__DUPLICATE_METHOD_MATCH = YES;
				COPY_PHASE_STRIP = NO;
				DEBUG_INFORMATION_FORMAT = "dwarf-with-dsym";
				ENABLE_NS_ASSERTIONS = NO;
				ENABLE_STRICT_OBJC_MSGSEND = YES;
				GCC_C_LANGUAGE_STANDARD = gnu11;
				GCC_NO_COMMON_BLOCKS = YES;
				GCC_WARN_64_TO_32_BIT_CONVERSION = YES;
				GCC_WARN_ABOUT_RETURN_TYPE = YES_ERROR;
				GCC_WARN_UNDECLARED_SELECTOR = YES;
				GCC_WARN_UNINITIALIZED_AUTOS = YES_AGGRESSIVE;
				GCC_WARN_UNUSED_FUNCTION = YES;
				GCC_WARN_UNUSED_VARIABLE = YES;
				IPHONEOS_DEPLOYMENT_TARGET = 16.2;
				MTL_ENABLE_DEBUG_INFO = NO;
				MTL_FAST_MATH = YES;
				SDKROOT = iphoneos;
				SWIFT_COMPILATION_MODE = wholemodule;
				SWIFT_OPTIMIZATION_LEVEL = "-O";
				VALIDATE_PRODUCT = YES;
			};
			name = Release;
		};
		A26E3FE82A0157B60018732A /* Debug */ = {
			isa = XCBuildConfiguration;
			buildSettings = {
				ASSETCATALOG_COMPILER_APPICON_NAME = AppIcon;
				ASSETCATALOG_COMPILER_GLOBAL_ACCENT_COLOR_NAME = AccentColor;
				CODE_SIGN_STYLE = Automatic;
				CURRENT_PROJECT_VERSION = 1;
				DEVELOPMENT_ASSET_PATHS = "\"LittleLemonRestaurantRevised/Preview Content\"";
				ENABLE_PREVIEWS = YES;
				GENERATE_INFOPLIST_FILE = YES;
				INFOPLIST_KEY_UIApplicationSceneManifest_Generation = YES;
				INFOPLIST_KEY_UIApplicationSupportsIndirectInputEvents = YES;
				INFOPLIST_KEY_UILaunchScreen_Generation = YES;
				INFOPLIST_KEY_UISupportedInterfaceOrientations_iPad = "UIInterfaceOrientationPortrait UIInterfaceOrientationPortraitUpsideDown UIInterfaceOrientationLandscapeLeft UIInterfaceOrientationLandscapeRight";
				INFOPLIST_KEY_UISupportedInterfaceOrientations_iPhone = "UIInterfaceOrientationPortrait UIInterfaceOrientationLandscapeLeft UIInterfaceOrientationLandscapeRight";
				LD_RUNPATH_SEARCH_PATHS = (
					"$(inherited)",
					"@executable_path/Frameworks",
				);
				MARKETING_VERSION = 1.0;
				PRODUCT_BUNDLE_IDENTIFIER = com.mycompany.LittleLemonRestaurantRevised;
				PRODUCT_NAME = "$(TARGET_NAME)";
				SWIFT_EMIT_LOC_STRINGS = YES;
				SWIFT_VERSION = 5.0;
				TARGETED_DEVICE_FAMILY = "1,2";
			};
			name = Debug;
		};
		A26E3FE92A0157B60018732A /* Release */ = {
			isa = XCBuildConfiguration;
			buildSettings = {
				ASSETCATALOG_COMPILER_APPICON_NAME = AppIcon;
				ASSETCATALOG_COMPILER_GLOBAL_ACCENT_COLOR_NAME = AccentColor;
				CODE_SIGN_STYLE = Automatic;
				CURRENT_PROJECT_VERSION = 1;
				DEVELOPMENT_ASSET_PATHS = "\"LittleLemonRestaurantRevised/Preview Content\"";
				ENABLE_PREVIEWS = YES;
				GENERATE_INFOPLIST_FILE = YES;
				INFOPLIST_KEY_UIApplicationSceneManifest_Generation = YES;
				INFOPLIST_KEY_UIApplicationSupportsIndirectInputEvents = YES;
				INFOPLIST_KEY_UILaunchScreen_Generation = YES;
				INFOPLIST_KEY_UISupportedInterfaceOrientations_iPad = "UIInterfaceOrientationPortrait UIInterfaceOrientationPortraitUpsideDown UIInterfaceOrientationLandscapeLeft UIInterfaceOrientationLandscapeRight";
				INFOPLIST_KEY_UISupportedInterfaceOrientations_iPhone = "UIInterfaceOrientationPortrait UIInterfaceOrientationLandscapeLeft UIInterfaceOrientationLandscapeRight";
				LD_RUNPATH_SEARCH_PATHS = (
					"$(inherited)",
					"@executable_path/Frameworks",
				);
				MARKETING_VERSION = 1.0;
				PRODUCT_BUNDLE_IDENTIFIER = com.mycompany.LittleLemonRestaurantRevised;
				PRODUCT_NAME = "$(TARGET_NAME)";
				SWIFT_EMIT_LOC_STRINGS = YES;
				SWIFT_VERSION = 5.0;
				TARGETED_DEVICE_FAMILY = "1,2";
			};
			name = Release;
		};
/* End XCBuildConfiguration section */

/* Begin XCConfigurationList section */
		A26E3FD42A0157B50018732A /* Build configuration list for PBXProject "LittleLemonRestaurantRevised" */ = {
			isa = XCConfigurationList;
			buildConfigurations = (
				A26E3FE52A0157B60018732A /* Debug */,
				A26E3FE62A0157B60018732A /* Release */,
			);
			defaultConfigurationIsVisible = 0;
			defaultConfigurationName = Release;
		};
		A26E3FE72A0157B60018732A /* Build configuration list for PBXNativeTarget "LittleLemonRestaurantRevised" */ = {
			isa = XCConfigurationList;
			buildConfigurations = (
				A26E3FE82A0157B60018732A /* Debug */,
				A26E3FE92A0157B60018732A /* Release */,
			);
			defaultConfigurationIsVisible = 0;
			defaultConfigurationName = Release;
		};
/* End XCConfigurationList section */
	};
	rootObject = A26E3FD12A0157B50018732A /* Project object */;
}
